
Microsoft Visual Studio Solution File, Format Version 12.00
# Visual Studio Version 17
VisualStudioVersion = 17.0.31912.275
MinimumVisualStudioVersion = 10.0.40219.1
Project("{9A19103F-16F7-4668-BE54-9A1E7A4F7556}") = "MyBGList", "Chapter_02\MyBGList\MyBGList.csproj", "{E0467401-AF14-4810-8E7E-22BD4E8D5FFE}"
EndProject
Project("{2150E333-8FDC-42A3-9474-1A3956D46DE8}") = "Chapter 02", "Chapter 02", "{AB5F2A98-5AA1-4A25-AD70-0BCBB3F5AA58}"
EndProject
Project("{2150E333-8FDC-42A3-9474-1A3956D46DE8}") = "Chapter 01", "Chapter 01", "{6D526D52-DA7C-415F-A3D2-0C612923BF6E}"
EndProject
Project("{2150E333-8FDC-42A3-9474-1A3956D46DE8}") = "Exercises", "Exercises", "{6773746C-CAC2-4114-81DE-B3418FB485C5}"
	ProjectSection(SolutionItems) = preProject
		Chapter_02\Exercises\appsettings.Development.json = Chapter_02\Exercises\appsettings.Development.json
		Chapter_02\Exercises\appsettings.json = Chapter_02\Exercises\appsettings.json
		Chapter_02\Exercises\appsettings.Staging.json = Chapter_02\Exercises\appsettings.Staging.json
		Chapter_02\Exercises\BoardGame.cs = Chapter_02\Exercises\BoardGame.cs
		Chapter_02\Exercises\BoardGamesController.cs = Chapter_02\Exercises\BoardGamesController.cs
		Chapter_02\Exercises\launchSettings.json = Chapter_02\Exercises\launchSettings.json
		Chapter_02\Exercises\Program.cs = Chapter_02\Exercises\Program.cs
	EndProjectSection
EndProject
Project("{2150E333-8FDC-42A3-9474-1A3956D46DE8}") = "Chapter_03", "Chapter_03", "{39EC7DDB-AA88-480F-B324-877E2C473D9B}"
EndProject
Project("{9A19103F-16F7-4668-BE54-9A1E7A4F7556}") = "MyBGList", "Chapter_03\MyBGList\MyBGList.csproj", "{FBD73632-9D61-46DE-A057-8F01C77E2E49}"
EndProject
Project("{9A19103F-16F7-4668-BE54-9A1E7A4F7556}") = "MyBGList_ApiVersion", "Chapter_03\MyBGList_ApiVersion\MyBGList_ApiVersion.csproj", "{85DD4D4C-B8E0-49C2-9AA2-E198BBB62329}"
EndProject
Project("{2150E333-8FDC-42A3-9474-1A3956D46DE8}") = "Exercises", "Exercises", "{545CADC5-5C94-4792-81A3-0FD9EE3DC350}"
	ProjectSection(SolutionItems) = preProject
		Chapter_03\Exercises\Program.cs = Chapter_03\Exercises\Program.cs
	EndProjectSection
EndProject
Project("{2150E333-8FDC-42A3-9474-1A3956D46DE8}") = "Controllers", "Controllers", "{C692CEE7-E168-43C7-A5E9-7B05B29CE0AF}"
EndProject
Project("{2150E333-8FDC-42A3-9474-1A3956D46DE8}") = "v1", "v1", "{27FADEF1-383E-4FCE-8FBD-7B1BBACAB926}"
	ProjectSection(SolutionItems) = preProject
		Chapter_03\Exercises\Controllers\v1\BoardGamesController.cs = Chapter_03\Exercises\Controllers\v1\BoardGamesController.cs
	EndProjectSection
EndProject
Project("{2150E333-8FDC-42A3-9474-1A3956D46DE8}") = "v2", "v2", "{45E2DF92-2C53-476C-A9DB-2CA409068AEA}"
	ProjectSection(SolutionItems) = preProject
		Chapter_03\Exercises\Controllers\v2\BoardGamesController.cs = Chapter_03\Exercises\Controllers\v2\BoardGamesController.cs
		Chapter_03\Exercises\Controllers\v2\CodeOnDemandController.cs = Chapter_03\Exercises\Controllers\v2\CodeOnDemandController.cs
	EndProjectSection
EndProject
Project("{2150E333-8FDC-42A3-9474-1A3956D46DE8}") = "v3", "v3", "{86155047-E0DD-485C-BCC8-048600286231}"
	ProjectSection(SolutionItems) = preProject
		Chapter_03\Exercises\Controllers\v3\CodeOnDemandController.cs = Chapter_03\Exercises\Controllers\v3\CodeOnDemandController.cs
	EndProjectSection
EndProject
Project("{2150E333-8FDC-42A3-9474-1A3956D46DE8}") = "Chapter_04", "Chapter_04", "{888CC4D4-8F56-4EBE-B0C3-829BCE934E00}"
EndProject
Project("{9A19103F-16F7-4668-BE54-9A1E7A4F7556}") = "MyBGList", "Chapter_04\MyBGList\MyBGList.csproj", "{8FDCC6E3-FB56-45EF-B18D-B34C882CD1FF}"
EndProject
Project("{2150E333-8FDC-42A3-9474-1A3956D46DE8}") = "Exercises", "Exercises", "{79FC43C4-0966-4DAC-957E-BDB1A36E696E}"
EndProject
Project("{2150E333-8FDC-42A3-9474-1A3956D46DE8}") = "Migrations", "Migrations", "{73294E53-5E4A-4E1E-9D57-3C6FE607EBCE}"
	ProjectSection(SolutionItems) = preProject
		Chapter_04\Exercises\Migrations\20220127000740_Chapter04_Exercises.cs = Chapter_04\Exercises\Migrations\20220127000740_Chapter04_Exercises.cs
		Chapter_04\Exercises\Migrations\20220127000740_Chapter04_Exercises.Designer.cs = Chapter_04\Exercises\Migrations\20220127000740_Chapter04_Exercises.Designer.cs
		Chapter_04\Exercises\Migrations\ApplicationDbContextModelSnapshot.cs = Chapter_04\Exercises\Migrations\ApplicationDbContextModelSnapshot.cs
	EndProjectSection
EndProject
Project("{2150E333-8FDC-42A3-9474-1A3956D46DE8}") = "Models", "Models", "{E566019F-3A19-4FF0-90C5-D5BB98B49A9E}"
	ProjectSection(SolutionItems) = preProject
		Chapter_04\Exercises\Model\ApplicationDbContext.cs = Chapter_04\Exercises\Model\ApplicationDbContext.cs
		Chapter_04\Exercises\Model\BoardGame.cs = Chapter_04\Exercises\Model\BoardGame.cs
		Chapter_04\Exercises\Model\BoardGames_Categories.cs = Chapter_04\Exercises\Model\BoardGames_Categories.cs
		Chapter_04\Exercises\Model\BoardGames_Domains.cs = Chapter_04\Exercises\Model\BoardGames_Domains.cs
		Chapter_04\Exercises\Model\BoardGames_Mechanics.cs = Chapter_04\Exercises\Model\BoardGames_Mechanics.cs
		Chapter_04\Exercises\Model\Category.cs = Chapter_04\Exercises\Model\Category.cs
		Chapter_04\Exercises\Model\Domain.cs = Chapter_04\Exercises\Model\Domain.cs
		Chapter_04\Exercises\Model\Mechanic.cs = Chapter_04\Exercises\Model\Mechanic.cs
		Chapter_04\Exercises\Model\Publisher.cs = Chapter_04\Exercises\Model\Publisher.cs
	EndProjectSection
EndProject
Project("{2150E333-8FDC-42A3-9474-1A3956D46DE8}") = "Chapter_05", "Chapter_05", "{61A32274-F783-4004-A45E-1BB097127920}"
EndProject
Project("{2150E333-8FDC-42A3-9474-1A3956D46DE8}") = "Exercises", "Exercises", "{8DFE3088-B0DF-4C84-B9A1-030C58F0C4A4}"
EndProject
Project("{9A19103F-16F7-4668-BE54-9A1E7A4F7556}") = "MyBGList", "Chapter_05\MyBGList\MyBGList.csproj", "{19184268-B3AB-40AE-B3E4-990B2D629849}"
EndProject
Project("{2150E333-8FDC-42A3-9474-1A3956D46DE8}") = "Controllers", "Controllers", "{796403DB-ADC4-4598-A7FF-82E9C7AE1878}"
	ProjectSection(SolutionItems) = preProject
		Chapter_05\Exercises\Controllers\BoardGamesController.cs = Chapter_05\Exercises\Controllers\BoardGamesController.cs
		Chapter_05\Exercises\Controllers\SeedController.cs = Chapter_05\Exercises\Controllers\SeedController.cs
	EndProjectSection
EndProject
Project("{2150E333-8FDC-42A3-9474-1A3956D46DE8}") = "DTO", "DTO", "{D559F09C-25F6-4515-964E-A90A99B768AD}"
	ProjectSection(SolutionItems) = preProject
		Chapter_05\Exercises\DTO\BoardGameDTO.cs = Chapter_05\Exercises\DTO\BoardGameDTO.cs
	EndProjectSection
EndProject
Project("{2150E333-8FDC-42A3-9474-1A3956D46DE8}") = "Chapter_06", "Chapter_06", "{6E256285-85A8-4485-9C59-10D4F42FAD12}"
EndProject
Project("{9A19103F-16F7-4668-BE54-9A1E7A4F7556}") = "MyBGList", "Chapter_06\MyBGList\MyBGList.csproj", "{F8D10F16-38FB-4144-A2A3-3A8FF1616CD3}"
EndProject
Project("{2150E333-8FDC-42A3-9474-1A3956D46DE8}") = "Exercises", "Exercises", "{FDC5F308-A4DE-47CC-AC9A-BBE480B174C2}"
	ProjectSection(SolutionItems) = preProject
		Chapter_06\Exercises\Program.cs = Chapter_06\Exercises\Program.cs
	EndProjectSection
EndProject
Project("{2150E333-8FDC-42A3-9474-1A3956D46DE8}") = "DTO", "DTO", "{ED59CF4D-80A1-4080-AC1D-1580D277D1AC}"
	ProjectSection(SolutionItems) = preProject
		Chapter_06\Exercises\DTO\DomainDTO.cs = Chapter_06\Exercises\DTO\DomainDTO.cs
		Chapter_06\Exercises\DTO\MechanicDTO.cs = Chapter_06\Exercises\DTO\MechanicDTO.cs
	EndProjectSection
EndProject
Project("{2150E333-8FDC-42A3-9474-1A3956D46DE8}") = "Attributes", "Attributes", "{20726514-46BB-46B8-8498-3B0CC299B29C}"
	ProjectSection(SolutionItems) = preProject
		Chapter_06\Exercises\Attributes\LettersOnlyValidatorAttribute.cs = Chapter_06\Exercises\Attributes\LettersOnlyValidatorAttribute.cs
	EndProjectSection
EndProject
Project("{2150E333-8FDC-42A3-9474-1A3956D46DE8}") = "Controllers", "Controllers", "{C4E2FA0A-C0E3-432E-A9CF-F07A218DC4B3}"
	ProjectSection(SolutionItems) = preProject
		Chapter_06\Exercises\Controllers\DomainsController.cs = Chapter_06\Exercises\Controllers\DomainsController.cs
	EndProjectSection
EndProject
Project("{2150E333-8FDC-42A3-9474-1A3956D46DE8}") = "Chapter_07", "Chapter_07", "{3E2EDCC2-A7E1-4A2F-8143-0B1E45512C28}"
EndProject
Project("{9A19103F-16F7-4668-BE54-9A1E7A4F7556}") = "MyBGList", "Chapter_07\MyBGList\MyBGList.csproj", "{ACCDB842-9030-42F7-BF74-943BA0A2797C}"
EndProject
Project("{2150E333-8FDC-42A3-9474-1A3956D46DE8}") = "Exercises", "Exercises", "{87A6BDDF-56DB-4EBC-814A-1EAB6B8C274D}"
	ProjectSection(SolutionItems) = preProject
		Chapter_07\Exercises\Program.cs = Chapter_07\Exercises\Program.cs
	EndProjectSection
EndProject
Project("{2150E333-8FDC-42A3-9474-1A3956D46DE8}") = "Chapter_08", "Chapter_08", "{7FF64714-167C-4D09-A0BB-E64E6B38E423}"
EndProject
Project("{9A19103F-16F7-4668-BE54-9A1E7A4F7556}") = "MyBGList", "Chapter_08\MyBGList\MyBGList.csproj", "{86B7DC01-820B-403E-A389-565B35A7BF63}"
EndProject
Project("{2150E333-8FDC-42A3-9474-1A3956D46DE8}") = "Exercises", "Exercises", "{9FBFF8CC-E351-4169-8C19-82431A9244B5}"
	ProjectSection(SolutionItems) = preProject
		Chapter_08\Exercises\BoardGamesController.cs = Chapter_08\Exercises\BoardGamesController.cs
		Chapter_08\Exercises\MechanicsController.cs = Chapter_08\Exercises\MechanicsController.cs
		Chapter_08\Exercises\Program.cs = Chapter_08\Exercises\Program.cs
	EndProjectSection
EndProject
Global
	GlobalSection(SolutionConfigurationPlatforms) = preSolution
		Debug|Any CPU = Debug|Any CPU
		Release|Any CPU = Release|Any CPU
	EndGlobalSection
	GlobalSection(ProjectConfigurationPlatforms) = postSolution
		{E0467401-AF14-4810-8E7E-22BD4E8D5FFE}.Debug|Any CPU.ActiveCfg = Debug|Any CPU
		{E0467401-AF14-4810-8E7E-22BD4E8D5FFE}.Debug|Any CPU.Build.0 = Debug|Any CPU
		{E0467401-AF14-4810-8E7E-22BD4E8D5FFE}.Release|Any CPU.ActiveCfg = Release|Any CPU
		{E0467401-AF14-4810-8E7E-22BD4E8D5FFE}.Release|Any CPU.Build.0 = Release|Any CPU
		{FBD73632-9D61-46DE-A057-8F01C77E2E49}.Debug|Any CPU.ActiveCfg = Debug|Any CPU
		{FBD73632-9D61-46DE-A057-8F01C77E2E49}.Debug|Any CPU.Build.0 = Debug|Any CPU
		{FBD73632-9D61-46DE-A057-8F01C77E2E49}.Release|Any CPU.ActiveCfg = Release|Any CPU
		{FBD73632-9D61-46DE-A057-8F01C77E2E49}.Release|Any CPU.Build.0 = Release|Any CPU
		{85DD4D4C-B8E0-49C2-9AA2-E198BBB62329}.Debug|Any CPU.ActiveCfg = Debug|Any CPU
		{85DD4D4C-B8E0-49C2-9AA2-E198BBB62329}.Debug|Any CPU.Build.0 = Debug|Any CPU
		{85DD4D4C-B8E0-49C2-9AA2-E198BBB62329}.Release|Any CPU.ActiveCfg = Release|Any CPU
		{85DD4D4C-B8E0-49C2-9AA2-E198BBB62329}.Release|Any CPU.Build.0 = Release|Any CPU
		{8FDCC6E3-FB56-45EF-B18D-B34C882CD1FF}.Debug|Any CPU.ActiveCfg = Debug|Any CPU
		{8FDCC6E3-FB56-45EF-B18D-B34C882CD1FF}.Debug|Any CPU.Build.0 = Debug|Any CPU
		{8FDCC6E3-FB56-45EF-B18D-B34C882CD1FF}.Release|Any CPU.ActiveCfg = Release|Any CPU
		{8FDCC6E3-FB56-45EF-B18D-B34C882CD1FF}.Release|Any CPU.Build.0 = Release|Any CPU
		{19184268-B3AB-40AE-B3E4-990B2D629849}.Debug|Any CPU.ActiveCfg = Debug|Any CPU
		{19184268-B3AB-40AE-B3E4-990B2D629849}.Debug|Any CPU.Build.0 = Debug|Any CPU
		{19184268-B3AB-40AE-B3E4-990B2D629849}.Release|Any CPU.ActiveCfg = Release|Any CPU
		{19184268-B3AB-40AE-B3E4-990B2D629849}.Release|Any CPU.Build.0 = Release|Any CPU
		{F8D10F16-38FB-4144-A2A3-3A8FF1616CD3}.Debug|Any CPU.ActiveCfg = Debug|Any CPU
		{F8D10F16-38FB-4144-A2A3-3A8FF1616CD3}.Debug|Any CPU.Build.0 = Debug|Any CPU
		{F8D10F16-38FB-4144-A2A3-3A8FF1616CD3}.Release|Any CPU.ActiveCfg = Release|Any CPU
		{F8D10F16-38FB-4144-A2A3-3A8FF1616CD3}.Release|Any CPU.Build.0 = Release|Any CPU
		{ACCDB842-9030-42F7-BF74-943BA0A2797C}.Debug|Any CPU.ActiveCfg = Debug|Any CPU
		{ACCDB842-9030-42F7-BF74-943BA0A2797C}.Debug|Any CPU.Build.0 = Debug|Any CPU
		{ACCDB842-9030-42F7-BF74-943BA0A2797C}.Release|Any CPU.ActiveCfg = Release|Any CPU
		{ACCDB842-9030-42F7-BF74-943BA0A2797C}.Release|Any CPU.Build.0 = Release|Any CPU
		{86B7DC01-820B-403E-A389-565B35A7BF63}.Debug|Any CPU.ActiveCfg = Debug|Any CPU
		{86B7DC01-820B-403E-A389-565B35A7BF63}.Debug|Any CPU.Build.0 = Debug|Any CPU
		{86B7DC01-820B-403E-A389-565B35A7BF63}.Release|Any CPU.ActiveCfg = Release|Any CPU
		{86B7DC01-820B-403E-A389-565B35A7BF63}.Release|Any CPU.Build.0 = Release|Any CPU
	EndGlobalSection
	GlobalSection(SolutionProperties) = preSolution
		HideSolutionNode = FALSE
	EndGlobalSection
	GlobalSection(NestedProjects) = preSolution
		{E0467401-AF14-4810-8E7E-22BD4E8D5FFE} = {AB5F2A98-5AA1-4A25-AD70-0BCBB3F5AA58}
		{6773746C-CAC2-4114-81DE-B3418FB485C5} = {AB5F2A98-5AA1-4A25-AD70-0BCBB3F5AA58}
		{FBD73632-9D61-46DE-A057-8F01C77E2E49} = {39EC7DDB-AA88-480F-B324-877E2C473D9B}
		{85DD4D4C-B8E0-49C2-9AA2-E198BBB62329} = {39EC7DDB-AA88-480F-B324-877E2C473D9B}
		{545CADC5-5C94-4792-81A3-0FD9EE3DC350} = {39EC7DDB-AA88-480F-B324-877E2C473D9B}
		{C692CEE7-E168-43C7-A5E9-7B05B29CE0AF} = {545CADC5-5C94-4792-81A3-0FD9EE3DC350}
		{27FADEF1-383E-4FCE-8FBD-7B1BBACAB926} = {C692CEE7-E168-43C7-A5E9-7B05B29CE0AF}
		{45E2DF92-2C53-476C-A9DB-2CA409068AEA} = {C692CEE7-E168-43C7-A5E9-7B05B29CE0AF}
		{86155047-E0DD-485C-BCC8-048600286231} = {C692CEE7-E168-43C7-A5E9-7B05B29CE0AF}
		{8FDCC6E3-FB56-45EF-B18D-B34C882CD1FF} = {888CC4D4-8F56-4EBE-B0C3-829BCE934E00}
		{79FC43C4-0966-4DAC-957E-BDB1A36E696E} = {888CC4D4-8F56-4EBE-B0C3-829BCE934E00}
		{73294E53-5E4A-4E1E-9D57-3C6FE607EBCE} = {79FC43C4-0966-4DAC-957E-BDB1A36E696E}
		{E566019F-3A19-4FF0-90C5-D5BB98B49A9E} = {79FC43C4-0966-4DAC-957E-BDB1A36E696E}
		{8DFE3088-B0DF-4C84-B9A1-030C58F0C4A4} = {61A32274-F783-4004-A45E-1BB097127920}
		{19184268-B3AB-40AE-B3E4-990B2D629849} = {61A32274-F783-4004-A45E-1BB097127920}
		{796403DB-ADC4-4598-A7FF-82E9C7AE1878} = {8DFE3088-B0DF-4C84-B9A1-030C58F0C4A4}
		{D559F09C-25F6-4515-964E-A90A99B768AD} = {8DFE3088-B0DF-4C84-B9A1-030C58F0C4A4}
		{F8D10F16-38FB-4144-A2A3-3A8FF1616CD3} = {6E256285-85A8-4485-9C59-10D4F42FAD12}
		{FDC5F308-A4DE-47CC-AC9A-BBE480B174C2} = {6E256285-85A8-4485-9C59-10D4F42FAD12}
		{ED59CF4D-80A1-4080-AC1D-1580D277D1AC} = {FDC5F308-A4DE-47CC-AC9A-BBE480B174C2}
		{20726514-46BB-46B8-8498-3B0CC299B29C} = {FDC5F308-A4DE-47CC-AC9A-BBE480B174C2}
		{C4E2FA0A-C0E3-432E-A9CF-F07A218DC4B3} = {FDC5F308-A4DE-47CC-AC9A-BBE480B174C2}
		{ACCDB842-9030-42F7-BF74-943BA0A2797C} = {3E2EDCC2-A7E1-4A2F-8143-0B1E45512C28}
		{87A6BDDF-56DB-4EBC-814A-1EAB6B8C274D} = {3E2EDCC2-A7E1-4A2F-8143-0B1E45512C28}
		{86B7DC01-820B-403E-A389-565B35A7BF63} = {7FF64714-167C-4D09-A0BB-E64E6B38E423}
		{9FBFF8CC-E351-4169-8C19-82431A9244B5} = {7FF64714-167C-4D09-A0BB-E64E6B38E423}
	EndGlobalSection
	GlobalSection(ExtensibilityGlobals) = postSolution
		SolutionGuid = {58E128FF-6460-4A49-9E95-9D8E08D888FC}
	EndGlobalSection
EndGlobal
