
Microsoft Visual Studio Solution File, Format Version 12.00
# Visual Studio Version 16
VisualStudioVersion = 16.0.31829.152
MinimumVisualStudioVersion = 10.0.40219.1
Project("{2150E333-8FDC-42A3-9474-1A3956D46DE8}") = "Exercises", "Exercises", "{AA746CA8-0449-446E-A3DD-DBF873BB0A31}"
	ProjectSection(SolutionItems) = preProject
		Chapter_03\Exercises\Program.cs = Chapter_03\Exercises\Program.cs
	EndProjectSection
EndProject
Project("{2150E333-8FDC-42A3-9474-1A3956D46DE8}") = "Controllers", "Controllers", "{57FB61AF-0672-4A14-8294-01AAD0A15627}"
EndProject
Project("{2150E333-8FDC-42A3-9474-1A3956D46DE8}") = "v1", "v1", "{95648068-F200-495D-8549-A94E70A2E7BD}"
	ProjectSection(SolutionItems) = preProject
		Chapter_03\Exercises\Controllers\v1\BoardGamesController.cs = Chapter_03\Exercises\Controllers\v1\BoardGamesController.cs
	EndProjectSection
EndProject
Project("{2150E333-8FDC-42A3-9474-1A3956D46DE8}") = "v2", "v2", "{03D58D1C-6EB3-41B1-9C6F-402377680504}"
	ProjectSection(SolutionItems) = preProject
		Chapter_03\Exercises\Controllers\v2\BoardGamesController.cs = Chapter_03\Exercises\Controllers\v2\BoardGamesController.cs
		Chapter_03\Exercises\Controllers\v2\CodeOnDemandController.cs = Chapter_03\Exercises\Controllers\v2\CodeOnDemandController.cs
	EndProjectSection
EndProject
Project("{2150E333-8FDC-42A3-9474-1A3956D46DE8}") = "v3", "v3", "{18447BD9-E097-4709-90CE-D147A3FBE714}"
	ProjectSection(SolutionItems) = preProject
		Chapter_03\Exercises\Controllers\v3\CodeOnDemandController.cs = Chapter_03\Exercises\Controllers\v3\CodeOnDemandController.cs
	EndProjectSection
EndProject
Project("{9A19103F-16F7-4668-BE54-9A1E7A4F7556}") = "MyBGList", "Chapter_03\MyBGList\MyBGList.csproj", "{32CA5161-67E1-4301-924C-6ABEE8F198B2}"
EndProject
Project("{9A19103F-16F7-4668-BE54-9A1E7A4F7556}") = "MyBGList_ApiVersion", "Chapter_03\MyBGList_ApiVersion\MyBGList_ApiVersion.csproj", "{7E3BB2A7-B3E7-4CEA-994A-870887DF92C8}"
EndProject
Global
	GlobalSection(SolutionConfigurationPlatforms) = preSolution
		Debug|Any CPU = Debug|Any CPU
		Release|Any CPU = Release|Any CPU
	EndGlobalSection
	GlobalSection(ProjectConfigurationPlatforms) = postSolution
		{32CA5161-67E1-4301-924C-6ABEE8F198B2}.Debug|Any CPU.ActiveCfg = Debug|Any CPU
		{32CA5161-67E1-4301-924C-6ABEE8F198B2}.Debug|Any CPU.Build.0 = Debug|Any CPU
		{32CA5161-67E1-4301-924C-6ABEE8F198B2}.Release|Any CPU.ActiveCfg = Release|Any CPU
		{32CA5161-67E1-4301-924C-6ABEE8F198B2}.Release|Any CPU.Build.0 = Release|Any CPU
		{7E3BB2A7-B3E7-4CEA-994A-870887DF92C8}.Debug|Any CPU.ActiveCfg = Debug|Any CPU
		{7E3BB2A7-B3E7-4CEA-994A-870887DF92C8}.Debug|Any CPU.Build.0 = Debug|Any CPU
		{7E3BB2A7-B3E7-4CEA-994A-870887DF92C8}.Release|Any CPU.ActiveCfg = Release|Any CPU
		{7E3BB2A7-B3E7-4CEA-994A-870887DF92C8}.Release|Any CPU.Build.0 = Release|Any CPU
	EndGlobalSection
	GlobalSection(SolutionProperties) = preSolution
		HideSolutionNode = FALSE
	EndGlobalSection
	GlobalSection(NestedProjects) = preSolution
		{57FB61AF-0672-4A14-8294-01AAD0A15627} = {AA746CA8-0449-446E-A3DD-DBF873BB0A31}
		{95648068-F200-495D-8549-A94E70A2E7BD} = {57FB61AF-0672-4A14-8294-01AAD0A15627}
		{03D58D1C-6EB3-41B1-9C6F-402377680504} = {57FB61AF-0672-4A14-8294-01AAD0A15627}
		{18447BD9-E097-4709-90CE-D147A3FBE714} = {57FB61AF-0672-4A14-8294-01AAD0A15627}
	EndGlobalSection
	GlobalSection(ExtensibilityGlobals) = postSolution
		SolutionGuid = {58E128FF-6460-4A49-9E95-9D8E08D888FC}
	EndGlobalSection
EndGlobal
