
Microsoft Visual Studio Solution File, Format Version 12.00
# Visual Studio Version 16
VisualStudioVersion = 16.0.31829.152
MinimumVisualStudioVersion = 10.0.40219.1
Project("{2150E333-8FDC-42A3-9474-1A3956D46DE8}") = "Exercises", "Exercises", "{6773746C-CAC2-4114-81DE-B3418FB485C5}"
	ProjectSection(SolutionItems) = preProject
		Chapter_09\Exercises\Program.cs = Chapter_09\Exercises\Program.cs
		Chapter_09\Exercises\RoleNames.cs = Chapter_09\Exercises\RoleNames.cs
		Chapter_09\Exercises\SeedController.cs = Chapter_09\Exercises\SeedController.cs
	EndProjectSection
EndProject
Project("{9A19103F-16F7-4668-BE54-9A1E7A4F7556}") = "MyBGList", "Chapter_09\MyBGList\MyBGList.csproj", "{54620274-E479-498C-B770-10243F2520BA}"
EndProject
Global
	GlobalSection(SolutionConfigurationPlatforms) = preSolution
		Debug|Any CPU = Debug|Any CPU
		Release|Any CPU = Release|Any CPU
	EndGlobalSection
	GlobalSection(ProjectConfigurationPlatforms) = postSolution
		{54620274-E479-498C-B770-10243F2520BA}.Debug|Any CPU.ActiveCfg = Debug|Any CPU
		{54620274-E479-498C-B770-10243F2520BA}.Debug|Any CPU.Build.0 = Debug|Any CPU
		{54620274-E479-498C-B770-10243F2520BA}.Release|Any CPU.ActiveCfg = Release|Any CPU
		{54620274-E479-498C-B770-10243F2520BA}.Release|Any CPU.Build.0 = Release|Any CPU
	EndGlobalSection
	GlobalSection(SolutionProperties) = preSolution
		HideSolutionNode = FALSE
	EndGlobalSection
	GlobalSection(ExtensibilityGlobals) = postSolution
		SolutionGuid = {58E128FF-6460-4A49-9E95-9D8E08D888FC}
	EndGlobalSection
EndGlobal
