
Microsoft Visual Studio Solution File, Format Version 12.00
# Visual Studio Version 16
VisualStudioVersion = 16.0.31829.152
MinimumVisualStudioVersion = 10.0.40219.1
Project("{2150E333-8FDC-42A3-9474-1A3956D46DE8}") = "Exercises", "Exercises", "{6773746C-CAC2-4114-81DE-B3418FB485C5}"
	ProjectSection(SolutionItems) = preProject
		Chapter_08\Exercises\BoardGamesController.cs = Chapter_08\Exercises\BoardGamesController.cs
		Chapter_08\Exercises\MechanicsController.cs = Chapter_08\Exercises\MechanicsController.cs
		Chapter_08\Exercises\Program.cs = Chapter_08\Exercises\Program.cs
	EndProjectSection
EndProject
Project("{9A19103F-16F7-4668-BE54-9A1E7A4F7556}") = "MyBGList", "Chapter_08\MyBGList\MyBGList.csproj", "{A1B5653A-C25C-4C4B-B16C-6473D19464A9}"
EndProject
Global
	GlobalSection(SolutionConfigurationPlatforms) = preSolution
		Debug|Any CPU = Debug|Any CPU
		Release|Any CPU = Release|Any CPU
	EndGlobalSection
	GlobalSection(ProjectConfigurationPlatforms) = postSolution
		{A1B5653A-C25C-4C4B-B16C-6473D19464A9}.Debug|Any CPU.ActiveCfg = Debug|Any CPU
		{A1B5653A-C25C-4C4B-B16C-6473D19464A9}.Debug|Any CPU.Build.0 = Debug|Any CPU
		{A1B5653A-C25C-4C4B-B16C-6473D19464A9}.Release|Any CPU.ActiveCfg = Release|Any CPU
		{A1B5653A-C25C-4C4B-B16C-6473D19464A9}.Release|Any CPU.Build.0 = Release|Any CPU
	EndGlobalSection
	GlobalSection(SolutionProperties) = preSolution
		HideSolutionNode = FALSE
	EndGlobalSection
	GlobalSection(ExtensibilityGlobals) = postSolution
		SolutionGuid = {58E128FF-6460-4A49-9E95-9D8E08D888FC}
	EndGlobalSection
EndGlobal
